<?xml version="1.0" encoding="utf-8"?>
<Project ToolsVersion="4.0" xmlns="http://schemas.microsoft.com/developer/msbuild/2003">
  <ItemGroup>
    <Filter Include="Async">
      <UniqueIdentifier>{dbcd4de3-a249-42b2-8660-55a7712c800c}</UniqueIdentifier>
    </Filter>
    <Filter Include="Scheduler">
      <UniqueIdentifier>{b8ccc4db-aaa3-45d0-be92-025db3dd568d}</UniqueIdentifier>
    </Filter>
    <Filter Include="EventLog">
      <UniqueIdentifier>{cab14c6b-2461-4d7a-bab2-d2c8cef1e1e1}</UniqueIdentifier>
    </Filter>
  </ItemGroup>
  <ItemGroup>
    <ClCompile Include="$(MSBuildThisFileDirectory)Async\CancellationToken.cpp">
      <Filter>Async</Filter>
    </ClCompile>
    <ClCompile Include="$(MSBuildThisFileDirectory)EventLog\EventLogger.cpp">
      <Filter>EventLog</Filter>
    </ClCompile>
    <ClCompile Include="$(MSBuildThisFileDirectory)EventLog\EventLogGraph.cpp">
      <Filter>EventLog</Filter>
    </ClCompile>
    <ClCompile Include="$(MSBuildThisFileDirectory)EventLog\EventLogParser.cpp">
      <Filter>EventLog</Filter>
    </ClCompile>
    <ClCompile Include="$(MSBuildThisFileDirectory)Scheduler\DependencyChain.cpp">
      <Filter>Scheduler</Filter>
    </ClCompile>
    <ClCompile Include="$(MSBuildThisFileDirectory)Scheduler\Fence.cpp">
      <Filter>Scheduler</Filter>
    </ClCompile>
    <ClCompile Include="$(MSBuildThisFileDirectory)Scheduler\Job.cpp">
      <Filter>Scheduler</Filter>
    </ClCompile>
    <ClCompile Include="$(MSBuildThisFileDirectory)Scheduler\JobGroup.cpp">
      <Filter>Scheduler</Filter>
    </ClCompile>
    <ClCompile Include="$(MSBuildThisFileDirectory)Scheduler\MainWorker.cpp">
      <Filter>Scheduler</Filter>
    </ClCompile>
    <ClCompile Include="$(MSBuildThisFileDirectory)Scheduler\PendingJobGroupRef.cpp">
      <Filter>Scheduler</Filter>
    </ClCompile>
    <ClCompile Include="$(MSBuildThisFileDirectory)Scheduler\Process.cpp">
      <Filter>Scheduler</Filter>
    </ClCompile>
    <ClCompile Include="$(MSBuildThisFileDirectory)Scheduler\ThreadWorker.cpp">
      <Filter>Scheduler</Filter>
    </ClCompile>
    <ClCompile Include="$(MSBuildThisFileDirectory)Scheduler\Worker.cpp">
      <Filter>Scheduler</Filter>
    </ClCompile>
    <ClCompile Include="$(MSBuildThisFileDirectory)pch.cpp" />
    <ClCompile Include="$(MSBuildThisFileDirectory)Scheduler\Application.cpp">
      <Filter>Scheduler</Filter>
    </ClCompile>
    <ClCompile Include="$(MSBuildThisFileDirectory)Scheduler\Scheduler.cpp">
      <Filter>Scheduler</Filter>
    </ClCompile>
  </ItemGroup>
  <ItemGroup>
    <ClInclude Include="$(MSBuildThisFileDirectory)pch.h" />
    <ClInclude Include="$(MSBuildThisFileDirectory)PAL.Forward.h" />
    <ClInclude Include="$(MSBuildThisFileDirectory)PAL.h" />
    <ClInclude Include="$(MSBuildThisFileDirectory)Async\CancellationToken.h">
      <Filter>Async</Filter>
    </ClInclude>
    <ClInclude Include="$(MSBuildThisFileDirectory)Async\IFile.h">
      <Filter>Async</Filter>
    </ClInclude>
    <ClInclude Include="$(MSBuildThisFileDirectory)Async\IStream.h">
      <Filter>Async</Filter>
    </ClInclude>
    <ClInclude Include="$(MSBuildThisFileDirectory)Async\Task.h">
      <Filter>Async</Filter>
    </ClInclude>
    <ClInclude Include="$(MSBuildThisFileDirectory)EventLog\EventLog.h">
      <Filter>EventLog</Filter>
    </ClInclude>
    <ClInclude Include="$(MSBuildThisFileDirectory)EventLog\EventLogger.h">
      <Filter>EventLog</Filter>
    </ClInclude>
    <ClInclude Include="$(MSBuildThisFileDirectory)EventLog\EventLogGraph.h">
      <Filter>EventLog</Filter>
    </ClInclude>
    <ClInclude Include="$(MSBuildThisFileDirectory)EventLog\EventLogParser.h">
      <Filter>EventLog</Filter>
    </ClInclude>
    <ClInclude Include="$(MSBuildThisFileDirectory)EventLog\EventType.h">
      <Filter>EventLog</Filter>
    </ClInclude>
    <ClInclude Include="$(MSBuildThisFileDirectory)Scheduler\Application.h">
      <Filter>Scheduler</Filter>
    </ClInclude>
    <ClInclude Include="$(MSBuildThisFileDirectory)Scheduler\DependencyChain.h">
      <Filter>Scheduler</Filter>
    </ClInclude>
    <ClInclude Include="$(MSBuildThisFileDirectory)Scheduler\Fence.h">
      <Filter>Scheduler</Filter>
    </ClInclude>
    <ClInclude Include="$(MSBuildThisFileDirectory)Scheduler\Job.h">
      <Filter>Scheduler</Filter>
    </ClInclude>
    <ClInclude Include="$(MSBuildThisFileDirectory)Scheduler\JobGroup.h">
      <Filter>Scheduler</Filter>
    </ClInclude>
    <ClInclude Include="$(MSBuildThisFileDirectory)Scheduler\MainWorker.h">
      <Filter>Scheduler</Filter>
    </ClInclude>
    <ClInclude Include="$(MSBuildThisFileDirectory)Scheduler\PendingJobGroupRef.h">
      <Filter>Scheduler</Filter>
    </ClInclude>
    <ClInclude Include="$(MSBuildThisFileDirectory)Scheduler\Process.h">
      <Filter>Scheduler</Filter>
    </ClInclude>
    <ClInclude Include="$(MSBuildThisFileDirectory)Scheduler\Scheduler.h">
      <Filter>Scheduler</Filter>
    </ClInclude>
    <ClInclude Include="$(MSBuildThisFileDirectory)Scheduler\ThreadWorker.h">
      <Filter>Scheduler</Filter>
    </ClInclude>
    <ClInclude Include="$(MSBuildThisFileDirectory)Scheduler\Worker.h">
      <Filter>Scheduler</Filter>
    </ClInclude>
    <ClInclude Include="$(MSBuildThisFileDirectory)Async\SharedTask.h">
      <Filter>Async</Filter>
    </ClInclude>
  </ItemGroup>
</Project>